
Microsoft Visual Studio Solution File, Format Version 12.00
# Visual Studio 15
VisualStudioVersion = 15.0.28010.2019
MinimumVisualStudioVersion = 10.0.40219.1
Project("{FAE04EC0-301F-11D3-BF4B-00C04F79EFBC}") = "CostSharing", "CostSharing\CostSharing.csproj", "{58714595-DB50-4656-BBE3-797429C1F21D}"
EndProject
Project("{FAE04EC0-301F-11D3-BF4B-00C04F79EFBC}") = "ForTest", "ForTest\ForTest.csproj", "{78695BF3-0DFB-48B9-BB95-5851C42CC235}"
EndProject
Project("{FAE04EC0-301F-11D3-BF4B-00C04F79EFBC}") = "Test2", "Test2\Test2.csproj", "{42C3589E-A5A4-469B-AADC-1C728048706F}"
EndProject
Global
	GlobalSection(SolutionConfigurationPlatforms) = preSolution
		Debug|Any CPU = Debug|Any CPU
		Release|Any CPU = Release|Any CPU
	EndGlobalSection
	GlobalSection(ProjectConfigurationPlatforms) = postSolution
		{58714595-DB50-4656-BBE3-797429C1F21D}.Debug|Any CPU.ActiveCfg = Debug|Any CPU
		{58714595-DB50-4656-BBE3-797429C1F21D}.Debug|Any CPU.Build.0 = Debug|Any CPU
		{58714595-DB50-4656-BBE3-797429C1F21D}.Release|Any CPU.ActiveCfg = Release|Any CPU
		{58714595-DB50-4656-BBE3-797429C1F21D}.Release|Any CPU.Build.0 = Release|Any CPU
		{78695BF3-0DFB-48B9-BB95-5851C42CC235}.Debug|Any CPU.ActiveCfg = Debug|Any CPU
		{78695BF3-0DFB-48B9-BB95-5851C42CC235}.Debug|Any CPU.Build.0 = Debug|Any CPU
		{78695BF3-0DFB-48B9-BB95-5851C42CC235}.Release|Any CPU.ActiveCfg = Release|Any CPU
		{78695BF3-0DFB-48B9-BB95-5851C42CC235}.Release|Any CPU.Build.0 = Release|Any CPU
		{42C3589E-A5A4-469B-AADC-1C728048706F}.Debug|Any CPU.ActiveCfg = Debug|Any CPU
		{42C3589E-A5A4-469B-AADC-1C728048706F}.Debug|Any CPU.Build.0 = Debug|Any CPU
		{42C3589E-A5A4-469B-AADC-1C728048706F}.Release|Any CPU.ActiveCfg = Release|Any CPU
		{42C3589E-A5A4-469B-AADC-1C728048706F}.Release|Any CPU.Build.0 = Release|Any CPU
	EndGlobalSection
	GlobalSection(SolutionProperties) = preSolution
		HideSolutionNode = FALSE
	EndGlobalSection
	GlobalSection(ExtensibilityGlobals) = postSolution
		SolutionGuid = {8F9AC3C0-5425-4B32-9CA4-CCA1670F5FC2}
	EndGlobalSection
EndGlobal
