
Microsoft Visual Studio Solution File, Format Version 12.00
# Visual Studio 15
VisualStudioVersion = 15.0.28010.2019
MinimumVisualStudioVersion = 10.0.40219.1
Project("{FAE04EC0-301F-11D3-BF4B-00C04F79EFBC}") = "CostSharing", "CostSharing\CostSharing.csproj", "{58714595-DB50-4656-BBE3-797429C1F21D}"
EndProject
Project("{FAE04EC0-301F-11D3-BF4B-00C04F79EFBC}") = "ForTest", "ForTest\ForTest.csproj", "{78695BF3-0DFB-48B9-BB95-5851C42CC235}"
EndProject
Project("{FAE04EC0-301F-11D3-BF4B-00C04F79EFBC}") = "Test2", "Test2\Test2.csproj", "{42C3589E-A5A4-469B-AADC-1C728048706F}"
EndProject
Project("{FAE04EC0-301F-11D3-BF4B-00C04F79EFBC}") = "Mobile.Android", "Mobile\Mobile.Android\Mobile.Android.csproj", "{311C0070-4541-4BEC-8D22-5C508D698EA1}"
EndProject
Project("{FAE04EC0-301F-11D3-BF4B-00C04F79EFBC}") = "Mobile.iOS", "Mobile\Mobile.iOS\Mobile.iOS.csproj", "{050B32FD-6348-4E53-937B-DEC03422FC97}"
EndProject
Project("{FAE04EC0-301F-11D3-BF4B-00C04F79EFBC}") = "Mobile", "Mobile\Mobile\Mobile.csproj", "{EA3746FA-40A9-4B0C-85AF-94162F05B1C1}"
EndProject
Global
	GlobalSection(SolutionConfigurationPlatforms) = preSolution
		Ad-Hoc|Any CPU = Ad-Hoc|Any CPU
		Ad-Hoc|iPhone = Ad-Hoc|iPhone
		Ad-Hoc|iPhoneSimulator = Ad-Hoc|iPhoneSimulator
		AppStore|Any CPU = AppStore|Any CPU
		AppStore|iPhone = AppStore|iPhone
		AppStore|iPhoneSimulator = AppStore|iPhoneSimulator
		Debug|Any CPU = Debug|Any CPU
		Debug|iPhone = Debug|iPhone
		Debug|iPhoneSimulator = Debug|iPhoneSimulator
		Release|Any CPU = Release|Any CPU
		Release|iPhone = Release|iPhone
		Release|iPhoneSimulator = Release|iPhoneSimulator
	EndGlobalSection
	GlobalSection(ProjectConfigurationPlatforms) = postSolution
		{58714595-DB50-4656-BBE3-797429C1F21D}.Ad-Hoc|Any CPU.ActiveCfg = Release|Any CPU
		{58714595-DB50-4656-BBE3-797429C1F21D}.Ad-Hoc|Any CPU.Build.0 = Release|Any CPU
		{58714595-DB50-4656-BBE3-797429C1F21D}.Ad-Hoc|iPhone.ActiveCfg = Release|Any CPU
		{58714595-DB50-4656-BBE3-797429C1F21D}.Ad-Hoc|iPhone.Build.0 = Release|Any CPU
		{58714595-DB50-4656-BBE3-797429C1F21D}.Ad-Hoc|iPhoneSimulator.ActiveCfg = Release|Any CPU
		{58714595-DB50-4656-BBE3-797429C1F21D}.Ad-Hoc|iPhoneSimulator.Build.0 = Release|Any CPU
		{58714595-DB50-4656-BBE3-797429C1F21D}.AppStore|Any CPU.ActiveCfg = Release|Any CPU
		{58714595-DB50-4656-BBE3-797429C1F21D}.AppStore|Any CPU.Build.0 = Release|Any CPU
		{58714595-DB50-4656-BBE3-797429C1F21D}.AppStore|iPhone.ActiveCfg = Release|Any CPU
		{58714595-DB50-4656-BBE3-797429C1F21D}.AppStore|iPhone.Build.0 = Release|Any CPU
		{58714595-DB50-4656-BBE3-797429C1F21D}.AppStore|iPhoneSimulator.ActiveCfg = Release|Any CPU
		{58714595-DB50-4656-BBE3-797429C1F21D}.AppStore|iPhoneSimulator.Build.0 = Release|Any CPU
		{58714595-DB50-4656-BBE3-797429C1F21D}.Debug|Any CPU.ActiveCfg = Debug|Any CPU
		{58714595-DB50-4656-BBE3-797429C1F21D}.Debug|Any CPU.Build.0 = Debug|Any CPU
		{58714595-DB50-4656-BBE3-797429C1F21D}.Debug|iPhone.ActiveCfg = Debug|Any CPU
		{58714595-DB50-4656-BBE3-797429C1F21D}.Debug|iPhone.Build.0 = Debug|Any CPU
		{58714595-DB50-4656-BBE3-797429C1F21D}.Debug|iPhoneSimulator.ActiveCfg = Debug|Any CPU
		{58714595-DB50-4656-BBE3-797429C1F21D}.Debug|iPhoneSimulator.Build.0 = Debug|Any CPU
		{58714595-DB50-4656-BBE3-797429C1F21D}.Release|Any CPU.ActiveCfg = Release|Any CPU
		{58714595-DB50-4656-BBE3-797429C1F21D}.Release|Any CPU.Build.0 = Release|Any CPU
		{58714595-DB50-4656-BBE3-797429C1F21D}.Release|iPhone.ActiveCfg = Release|Any CPU
		{58714595-DB50-4656-BBE3-797429C1F21D}.Release|iPhone.Build.0 = Release|Any CPU
		{58714595-DB50-4656-BBE3-797429C1F21D}.Release|iPhoneSimulator.ActiveCfg = Release|Any CPU
		{58714595-DB50-4656-BBE3-797429C1F21D}.Release|iPhoneSimulator.Build.0 = Release|Any CPU
		{78695BF3-0DFB-48B9-BB95-5851C42CC235}.Ad-Hoc|Any CPU.ActiveCfg = Release|Any CPU
		{78695BF3-0DFB-48B9-BB95-5851C42CC235}.Ad-Hoc|Any CPU.Build.0 = Release|Any CPU
		{78695BF3-0DFB-48B9-BB95-5851C42CC235}.Ad-Hoc|iPhone.ActiveCfg = Release|Any CPU
		{78695BF3-0DFB-48B9-BB95-5851C42CC235}.Ad-Hoc|iPhone.Build.0 = Release|Any CPU
		{78695BF3-0DFB-48B9-BB95-5851C42CC235}.Ad-Hoc|iPhoneSimulator.ActiveCfg = Release|Any CPU
		{78695BF3-0DFB-48B9-BB95-5851C42CC235}.Ad-Hoc|iPhoneSimulator.Build.0 = Release|Any CPU
		{78695BF3-0DFB-48B9-BB95-5851C42CC235}.AppStore|Any CPU.ActiveCfg = Release|Any CPU
		{78695BF3-0DFB-48B9-BB95-5851C42CC235}.AppStore|Any CPU.Build.0 = Release|Any CPU
		{78695BF3-0DFB-48B9-BB95-5851C42CC235}.AppStore|iPhone.ActiveCfg = Release|Any CPU
		{78695BF3-0DFB-48B9-BB95-5851C42CC235}.AppStore|iPhone.Build.0 = Release|Any CPU
		{78695BF3-0DFB-48B9-BB95-5851C42CC235}.AppStore|iPhoneSimulator.ActiveCfg = Release|Any CPU
		{78695BF3-0DFB-48B9-BB95-5851C42CC235}.AppStore|iPhoneSimulator.Build.0 = Release|Any CPU
		{78695BF3-0DFB-48B9-BB95-5851C42CC235}.Debug|Any CPU.ActiveCfg = Debug|Any CPU
		{78695BF3-0DFB-48B9-BB95-5851C42CC235}.Debug|Any CPU.Build.0 = Debug|Any CPU
		{78695BF3-0DFB-48B9-BB95-5851C42CC235}.Debug|iPhone.ActiveCfg = Debug|Any CPU
		{78695BF3-0DFB-48B9-BB95-5851C42CC235}.Debug|iPhone.Build.0 = Debug|Any CPU
		{78695BF3-0DFB-48B9-BB95-5851C42CC235}.Debug|iPhoneSimulator.ActiveCfg = Debug|Any CPU
		{78695BF3-0DFB-48B9-BB95-5851C42CC235}.Debug|iPhoneSimulator.Build.0 = Debug|Any CPU
		{78695BF3-0DFB-48B9-BB95-5851C42CC235}.Release|Any CPU.ActiveCfg = Release|Any CPU
		{78695BF3-0DFB-48B9-BB95-5851C42CC235}.Release|Any CPU.Build.0 = Release|Any CPU
		{78695BF3-0DFB-48B9-BB95-5851C42CC235}.Release|iPhone.ActiveCfg = Release|Any CPU
		{78695BF3-0DFB-48B9-BB95-5851C42CC235}.Release|iPhone.Build.0 = Release|Any CPU
		{78695BF3-0DFB-48B9-BB95-5851C42CC235}.Release|iPhoneSimulator.ActiveCfg = Release|Any CPU
		{78695BF3-0DFB-48B9-BB95-5851C42CC235}.Release|iPhoneSimulator.Build.0 = Release|Any CPU
		{42C3589E-A5A4-469B-AADC-1C728048706F}.Ad-Hoc|Any CPU.ActiveCfg = Release|Any CPU
		{42C3589E-A5A4-469B-AADC-1C728048706F}.Ad-Hoc|Any CPU.Build.0 = Release|Any CPU
		{42C3589E-A5A4-469B-AADC-1C728048706F}.Ad-Hoc|iPhone.ActiveCfg = Release|Any CPU
		{42C3589E-A5A4-469B-AADC-1C728048706F}.Ad-Hoc|iPhone.Build.0 = Release|Any CPU
		{42C3589E-A5A4-469B-AADC-1C728048706F}.Ad-Hoc|iPhoneSimulator.ActiveCfg = Release|Any CPU
		{42C3589E-A5A4-469B-AADC-1C728048706F}.Ad-Hoc|iPhoneSimulator.Build.0 = Release|Any CPU
		{42C3589E-A5A4-469B-AADC-1C728048706F}.AppStore|Any CPU.ActiveCfg = Release|Any CPU
		{42C3589E-A5A4-469B-AADC-1C728048706F}.AppStore|Any CPU.Build.0 = Release|Any CPU
		{42C3589E-A5A4-469B-AADC-1C728048706F}.AppStore|iPhone.ActiveCfg = Release|Any CPU
		{42C3589E-A5A4-469B-AADC-1C728048706F}.AppStore|iPhone.Build.0 = Release|Any CPU
		{42C3589E-A5A4-469B-AADC-1C728048706F}.AppStore|iPhoneSimulator.ActiveCfg = Release|Any CPU
		{42C3589E-A5A4-469B-AADC-1C728048706F}.AppStore|iPhoneSimulator.Build.0 = Release|Any CPU
		{42C3589E-A5A4-469B-AADC-1C728048706F}.Debug|Any CPU.ActiveCfg = Debug|Any CPU
		{42C3589E-A5A4-469B-AADC-1C728048706F}.Debug|Any CPU.Build.0 = Debug|Any CPU
		{42C3589E-A5A4-469B-AADC-1C728048706F}.Debug|iPhone.ActiveCfg = Debug|Any CPU
		{42C3589E-A5A4-469B-AADC-1C728048706F}.Debug|iPhone.Build.0 = Debug|Any CPU
		{42C3589E-A5A4-469B-AADC-1C728048706F}.Debug|iPhoneSimulator.ActiveCfg = Debug|Any CPU
		{42C3589E-A5A4-469B-AADC-1C728048706F}.Debug|iPhoneSimulator.Build.0 = Debug|Any CPU
		{42C3589E-A5A4-469B-AADC-1C728048706F}.Release|Any CPU.ActiveCfg = Release|Any CPU
		{42C3589E-A5A4-469B-AADC-1C728048706F}.Release|Any CPU.Build.0 = Release|Any CPU
		{42C3589E-A5A4-469B-AADC-1C728048706F}.Release|iPhone.ActiveCfg = Release|Any CPU
		{42C3589E-A5A4-469B-AADC-1C728048706F}.Release|iPhone.Build.0 = Release|Any CPU
		{42C3589E-A5A4-469B-AADC-1C728048706F}.Release|iPhoneSimulator.ActiveCfg = Release|Any CPU
		{42C3589E-A5A4-469B-AADC-1C728048706F}.Release|iPhoneSimulator.Build.0 = Release|Any CPU
		{311C0070-4541-4BEC-8D22-5C508D698EA1}.Ad-Hoc|Any CPU.ActiveCfg = Release|Any CPU
		{311C0070-4541-4BEC-8D22-5C508D698EA1}.Ad-Hoc|Any CPU.Build.0 = Release|Any CPU
		{311C0070-4541-4BEC-8D22-5C508D698EA1}.Ad-Hoc|Any CPU.Deploy.0 = Release|Any CPU
		{311C0070-4541-4BEC-8D22-5C508D698EA1}.Ad-Hoc|iPhone.ActiveCfg = Release|Any CPU
		{311C0070-4541-4BEC-8D22-5C508D698EA1}.Ad-Hoc|iPhone.Build.0 = Release|Any CPU
		{311C0070-4541-4BEC-8D22-5C508D698EA1}.Ad-Hoc|iPhone.Deploy.0 = Release|Any CPU
		{311C0070-4541-4BEC-8D22-5C508D698EA1}.Ad-Hoc|iPhoneSimulator.ActiveCfg = Release|Any CPU
		{311C0070-4541-4BEC-8D22-5C508D698EA1}.Ad-Hoc|iPhoneSimulator.Build.0 = Release|Any CPU
		{311C0070-4541-4BEC-8D22-5C508D698EA1}.Ad-Hoc|iPhoneSimulator.Deploy.0 = Release|Any CPU
		{311C0070-4541-4BEC-8D22-5C508D698EA1}.AppStore|Any CPU.ActiveCfg = Release|Any CPU
		{311C0070-4541-4BEC-8D22-5C508D698EA1}.AppStore|Any CPU.Build.0 = Release|Any CPU
		{311C0070-4541-4BEC-8D22-5C508D698EA1}.AppStore|Any CPU.Deploy.0 = Release|Any CPU
		{311C0070-4541-4BEC-8D22-5C508D698EA1}.AppStore|iPhone.ActiveCfg = Release|Any CPU
		{311C0070-4541-4BEC-8D22-5C508D698EA1}.AppStore|iPhone.Build.0 = Release|Any CPU
		{311C0070-4541-4BEC-8D22-5C508D698EA1}.AppStore|iPhone.Deploy.0 = Release|Any CPU
		{311C0070-4541-4BEC-8D22-5C508D698EA1}.AppStore|iPhoneSimulator.ActiveCfg = Release|Any CPU
		{311C0070-4541-4BEC-8D22-5C508D698EA1}.AppStore|iPhoneSimulator.Build.0 = Release|Any CPU
		{311C0070-4541-4BEC-8D22-5C508D698EA1}.AppStore|iPhoneSimulator.Deploy.0 = Release|Any CPU
		{311C0070-4541-4BEC-8D22-5C508D698EA1}.Debug|Any CPU.ActiveCfg = Debug|Any CPU
		{311C0070-4541-4BEC-8D22-5C508D698EA1}.Debug|Any CPU.Build.0 = Debug|Any CPU
		{311C0070-4541-4BEC-8D22-5C508D698EA1}.Debug|Any CPU.Deploy.0 = Debug|Any CPU
		{311C0070-4541-4BEC-8D22-5C508D698EA1}.Debug|iPhone.ActiveCfg = Debug|Any CPU
		{311C0070-4541-4BEC-8D22-5C508D698EA1}.Debug|iPhone.Build.0 = Debug|Any CPU
		{311C0070-4541-4BEC-8D22-5C508D698EA1}.Debug|iPhone.Deploy.0 = Debug|Any CPU
		{311C0070-4541-4BEC-8D22-5C508D698EA1}.Debug|iPhoneSimulator.ActiveCfg = Debug|Any CPU
		{311C0070-4541-4BEC-8D22-5C508D698EA1}.Debug|iPhoneSimulator.Build.0 = Debug|Any CPU
		{311C0070-4541-4BEC-8D22-5C508D698EA1}.Debug|iPhoneSimulator.Deploy.0 = Debug|Any CPU
		{311C0070-4541-4BEC-8D22-5C508D698EA1}.Release|Any CPU.ActiveCfg = Release|Any CPU
		{311C0070-4541-4BEC-8D22-5C508D698EA1}.Release|Any CPU.Build.0 = Release|Any CPU
		{311C0070-4541-4BEC-8D22-5C508D698EA1}.Release|Any CPU.Deploy.0 = Release|Any CPU
		{311C0070-4541-4BEC-8D22-5C508D698EA1}.Release|iPhone.ActiveCfg = Release|Any CPU
		{311C0070-4541-4BEC-8D22-5C508D698EA1}.Release|iPhone.Build.0 = Release|Any CPU
		{311C0070-4541-4BEC-8D22-5C508D698EA1}.Release|iPhone.Deploy.0 = Release|Any CPU
		{311C0070-4541-4BEC-8D22-5C508D698EA1}.Release|iPhoneSimulator.ActiveCfg = Release|Any CPU
		{311C0070-4541-4BEC-8D22-5C508D698EA1}.Release|iPhoneSimulator.Build.0 = Release|Any CPU
		{311C0070-4541-4BEC-8D22-5C508D698EA1}.Release|iPhoneSimulator.Deploy.0 = Release|Any CPU
		{050B32FD-6348-4E53-937B-DEC03422FC97}.Ad-Hoc|Any CPU.ActiveCfg = Ad-Hoc|iPhone
		{050B32FD-6348-4E53-937B-DEC03422FC97}.Ad-Hoc|iPhone.ActiveCfg = Ad-Hoc|iPhone
		{050B32FD-6348-4E53-937B-DEC03422FC97}.Ad-Hoc|iPhone.Build.0 = Ad-Hoc|iPhone
		{050B32FD-6348-4E53-937B-DEC03422FC97}.Ad-Hoc|iPhoneSimulator.ActiveCfg = Ad-Hoc|iPhoneSimulator
		{050B32FD-6348-4E53-937B-DEC03422FC97}.Ad-Hoc|iPhoneSimulator.Build.0 = Ad-Hoc|iPhoneSimulator
		{050B32FD-6348-4E53-937B-DEC03422FC97}.AppStore|Any CPU.ActiveCfg = AppStore|iPhone
		{050B32FD-6348-4E53-937B-DEC03422FC97}.AppStore|iPhone.ActiveCfg = AppStore|iPhone
		{050B32FD-6348-4E53-937B-DEC03422FC97}.AppStore|iPhone.Build.0 = AppStore|iPhone
		{050B32FD-6348-4E53-937B-DEC03422FC97}.AppStore|iPhoneSimulator.ActiveCfg = AppStore|iPhoneSimulator
		{050B32FD-6348-4E53-937B-DEC03422FC97}.AppStore|iPhoneSimulator.Build.0 = AppStore|iPhoneSimulator
		{050B32FD-6348-4E53-937B-DEC03422FC97}.Debug|Any CPU.ActiveCfg = Debug|iPhone
		{050B32FD-6348-4E53-937B-DEC03422FC97}.Debug|iPhone.ActiveCfg = Debug|iPhone
		{050B32FD-6348-4E53-937B-DEC03422FC97}.Debug|iPhone.Build.0 = Debug|iPhone
		{050B32FD-6348-4E53-937B-DEC03422FC97}.Debug|iPhoneSimulator.ActiveCfg = Debug|iPhoneSimulator
		{050B32FD-6348-4E53-937B-DEC03422FC97}.Debug|iPhoneSimulator.Build.0 = Debug|iPhoneSimulator
		{050B32FD-6348-4E53-937B-DEC03422FC97}.Release|Any CPU.ActiveCfg = Release|iPhone
		{050B32FD-6348-4E53-937B-DEC03422FC97}.Release|iPhone.ActiveCfg = Release|iPhone
		{050B32FD-6348-4E53-937B-DEC03422FC97}.Release|iPhone.Build.0 = Release|iPhone
		{050B32FD-6348-4E53-937B-DEC03422FC97}.Release|iPhoneSimulator.ActiveCfg = Release|iPhoneSimulator
		{050B32FD-6348-4E53-937B-DEC03422FC97}.Release|iPhoneSimulator.Build.0 = Release|iPhoneSimulator
		{EA3746FA-40A9-4B0C-85AF-94162F05B1C1}.Ad-Hoc|Any CPU.ActiveCfg = Debug|Any CPU
		{EA3746FA-40A9-4B0C-85AF-94162F05B1C1}.Ad-Hoc|Any CPU.Build.0 = Debug|Any CPU
		{EA3746FA-40A9-4B0C-85AF-94162F05B1C1}.Ad-Hoc|iPhone.ActiveCfg = Debug|Any CPU
		{EA3746FA-40A9-4B0C-85AF-94162F05B1C1}.Ad-Hoc|iPhone.Build.0 = Debug|Any CPU
		{EA3746FA-40A9-4B0C-85AF-94162F05B1C1}.Ad-Hoc|iPhoneSimulator.ActiveCfg = Debug|Any CPU
		{EA3746FA-40A9-4B0C-85AF-94162F05B1C1}.Ad-Hoc|iPhoneSimulator.Build.0 = Debug|Any CPU
		{EA3746FA-40A9-4B0C-85AF-94162F05B1C1}.AppStore|Any CPU.ActiveCfg = Debug|Any CPU
		{EA3746FA-40A9-4B0C-85AF-94162F05B1C1}.AppStore|Any CPU.Build.0 = Debug|Any CPU
		{EA3746FA-40A9-4B0C-85AF-94162F05B1C1}.AppStore|iPhone.ActiveCfg = Debug|Any CPU
		{EA3746FA-40A9-4B0C-85AF-94162F05B1C1}.AppStore|iPhone.Build.0 = Debug|Any CPU
		{EA3746FA-40A9-4B0C-85AF-94162F05B1C1}.AppStore|iPhoneSimulator.ActiveCfg = Debug|Any CPU
		{EA3746FA-40A9-4B0C-85AF-94162F05B1C1}.AppStore|iPhoneSimulator.Build.0 = Debug|Any CPU
		{EA3746FA-40A9-4B0C-85AF-94162F05B1C1}.Debug|Any CPU.ActiveCfg = Debug|Any CPU
		{EA3746FA-40A9-4B0C-85AF-94162F05B1C1}.Debug|Any CPU.Build.0 = Debug|Any CPU
		{EA3746FA-40A9-4B0C-85AF-94162F05B1C1}.Debug|iPhone.ActiveCfg = Debug|Any CPU
		{EA3746FA-40A9-4B0C-85AF-94162F05B1C1}.Debug|iPhone.Build.0 = Debug|Any CPU
		{EA3746FA-40A9-4B0C-85AF-94162F05B1C1}.Debug|iPhoneSimulator.ActiveCfg = Debug|Any CPU
		{EA3746FA-40A9-4B0C-85AF-94162F05B1C1}.Debug|iPhoneSimulator.Build.0 = Debug|Any CPU
		{EA3746FA-40A9-4B0C-85AF-94162F05B1C1}.Release|Any CPU.ActiveCfg = Release|Any CPU
		{EA3746FA-40A9-4B0C-85AF-94162F05B1C1}.Release|Any CPU.Build.0 = Release|Any CPU
		{EA3746FA-40A9-4B0C-85AF-94162F05B1C1}.Release|iPhone.ActiveCfg = Release|Any CPU
		{EA3746FA-40A9-4B0C-85AF-94162F05B1C1}.Release|iPhone.Build.0 = Release|Any CPU
		{EA3746FA-40A9-4B0C-85AF-94162F05B1C1}.Release|iPhoneSimulator.ActiveCfg = Release|Any CPU
		{EA3746FA-40A9-4B0C-85AF-94162F05B1C1}.Release|iPhoneSimulator.Build.0 = Release|Any CPU
	EndGlobalSection
	GlobalSection(SolutionProperties) = preSolution
		HideSolutionNode = FALSE
	EndGlobalSection
	GlobalSection(ExtensibilityGlobals) = postSolution
		SolutionGuid = {8F9AC3C0-5425-4B32-9CA4-CCA1670F5FC2}
	EndGlobalSection
EndGlobal
